// !$*UTF8*$!
{
	archiveVersion = 1;
	classes = {
	};
	objectVersion = 56;
	objects = {

/* Begin PBXBuildFile section */
		1DC29EAF2C76364F0038B544 /* IT_Service_ManagementApp.swift in Sources */ = {isa = PBXBuildFile; fileRef = 1DC29EAE2C76364F0038B544 /* IT_Service_ManagementApp.swift */; };
		1DC29EB12C76364F0038B544 /* RootView.swift in Sources */ = {isa = PBXBuildFile; fileRef = 1DC29EB02C76364F0038B544 /* RootView.swift */; };
		1DC29EB32C7636500038B544 /* Assets.xcassets in Resources */ = {isa = PBXBuildFile; fileRef = 1DC29EB22C7636500038B544 /* Assets.xcassets */; };
		1DC29EB72C7636500038B544 /* Preview Assets.xcassets in Resources */ = {isa = PBXBuildFile; fileRef = 1DC29EB62C7636500038B544 /* Preview Assets.xcassets */; };
		1DC29EBE2C7636920038B544 /* GoogleService-Info.plist in Resources */ = {isa = PBXBuildFile; fileRef = 1DC29EBD2C7636920038B544 /* GoogleService-Info.plist */; };
		1DC29EC12C76372F0038B544 /* FirebaseAnalytics in Frameworks */ = {isa = PBXBuildFile; productRef = 1DC29EC02C76372F0038B544 /* FirebaseAnalytics */; };
		1DC29EC32C76372F0038B544 /* FirebaseAuth in Frameworks */ = {isa = PBXBuildFile; productRef = 1DC29EC22C76372F0038B544 /* FirebaseAuth */; };
		1DC29EC52C76372F0038B544 /* FirebaseDatabase in Frameworks */ = {isa = PBXBuildFile; productRef = 1DC29EC42C76372F0038B544 /* FirebaseDatabase */; };
		1DC29EC72C76372F0038B544 /* FirebaseFirestore in Frameworks */ = {isa = PBXBuildFile; productRef = 1DC29EC62C76372F0038B544 /* FirebaseFirestore */; };
		1DC29ECA2C763A110038B544 /* LoginView.swift in Sources */ = {isa = PBXBuildFile; fileRef = 1DC29EC92C763A110038B544 /* LoginView.swift */; };
		1DC29ECD2C763B200038B544 /* FirebaseManager.swift in Sources */ = {isa = PBXBuildFile; fileRef = 1DC29ECC2C763B200038B544 /* FirebaseManager.swift */; };
		1DC29ECF2C764C9A0038B544 /* SettingsView.swift in Sources */ = {isa = PBXBuildFile; fileRef = 1DC29ECE2C764C9A0038B544 /* SettingsView.swift */; };
		1DC29ED12C764EDC0038B544 /* UserManager.swift in Sources */ = {isa = PBXBuildFile; fileRef = 1DC29ED02C764EDC0038B544 /* UserManager.swift */; };
		1DC29ED42C7654150038B544 /* Board.swift in Sources */ = {isa = PBXBuildFile; fileRef = 1DC29ED32C7654150038B544 /* Board.swift */; };
		1DC29ED62C7655A30038B544 /* BoardsView.swift in Sources */ = {isa = PBXBuildFile; fileRef = 1DC29ED52C7655A30038B544 /* BoardsView.swift */; };
		1DC29ED92C766B780038B544 /* BoardManager.swift in Sources */ = {isa = PBXBuildFile; fileRef = 1DC29ED82C766B780038B544 /* BoardManager.swift */; };
		1DC29EDB2C7670F10038B544 /* Department.swift in Sources */ = {isa = PBXBuildFile; fileRef = 1DC29EDA2C7670F10038B544 /* Department.swift */; };
		1DC29EDD2C7671230038B544 /* Location.swift in Sources */ = {isa = PBXBuildFile; fileRef = 1DC29EDC2C7671230038B544 /* Location.swift */; };
		1DC29EDF2C7673250038B544 /* Ticket.swift in Sources */ = {isa = PBXBuildFile; fileRef = 1DC29EDE2C7673250038B544 /* Ticket.swift */; };
		1DC29EE12C7673D20038B544 /* TicketListView.swift in Sources */ = {isa = PBXBuildFile; fileRef = 1DC29EE02C7673D20038B544 /* TicketListView.swift */; };
		1DC29EE32C76740B0038B544 /* TicketManager.swift in Sources */ = {isa = PBXBuildFile; fileRef = 1DC29EE22C76740B0038B544 /* TicketManager.swift */; };
		1DC527F42C79214C00C68225 /* AuditTrailEntry.swift in Sources */ = {isa = PBXBuildFile; fileRef = 1DC527F32C79214C00C68225 /* AuditTrailEntry.swift */; };
		1DC527F72C79284400C68225 /* Listenable.swift in Sources */ = {isa = PBXBuildFile; fileRef = 1DC527F62C79284400C68225 /* Listenable.swift */; };
		1DC527F92C79285D00C68225 /* Gettable.swift in Sources */ = {isa = PBXBuildFile; fileRef = 1DC527F82C79285D00C68225 /* Gettable.swift */; };
		1DC527FB2C792F9D00C68225 /* Contact.swift in Sources */ = {isa = PBXBuildFile; fileRef = 1DC527FA2C792F9D00C68225 /* Contact.swift */; };
		1DC527FD2C79316D00C68225 /* Company.swift in Sources */ = {isa = PBXBuildFile; fileRef = 1DC527FC2C79316D00C68225 /* Company.swift */; };
		1DC527FF2C7931C400C68225 /* Configuration.swift in Sources */ = {isa = PBXBuildFile; fileRef = 1DC527FE2C7931C400C68225 /* Configuration.swift */; };
		1DC528012C79320C00C68225 /* Organization.swift in Sources */ = {isa = PBXBuildFile; fileRef = 1DC528002C79320C00C68225 /* Organization.swift */; };
		1DC528062C793FCB00C68225 /* MultiSelector.swift in Sources */ = {isa = PBXBuildFile; fileRef = 1DC528052C793FCB00C68225 /* MultiSelector.swift */; };
/* End PBXBuildFile section */

/* Begin PBXFileReference section */
		1DC29EAB2C76364F0038B544 /* IT Service Management.app */ = {isa = PBXFileReference; explicitFileType = wrapper.application; includeInIndex = 0; path = "IT Service Management.app"; sourceTree = BUILT_PRODUCTS_DIR; };
		1DC29EAE2C76364F0038B544 /* IT_Service_ManagementApp.swift */ = {isa = PBXFileReference; lastKnownFileType = sourcecode.swift; path = IT_Service_ManagementApp.swift; sourceTree = "<group>"; };
		1DC29EB02C76364F0038B544 /* RootView.swift */ = {isa = PBXFileReference; lastKnownFileType = sourcecode.swift; path = RootView.swift; sourceTree = "<group>"; };
		1DC29EB22C7636500038B544 /* Assets.xcassets */ = {isa = PBXFileReference; lastKnownFileType = folder.assetcatalog; path = Assets.xcassets; sourceTree = "<group>"; };
		1DC29EB42C7636500038B544 /* IT_Service_Management.entitlements */ = {isa = PBXFileReference; lastKnownFileType = text.plist.entitlements; path = IT_Service_Management.entitlements; sourceTree = "<group>"; };
		1DC29EB62C7636500038B544 /* Preview Assets.xcassets */ = {isa = PBXFileReference; lastKnownFileType = folder.assetcatalog; path = "Preview Assets.xcassets"; sourceTree = "<group>"; };
		1DC29EBD2C7636920038B544 /* GoogleService-Info.plist */ = {isa = PBXFileReference; fileEncoding = 4; lastKnownFileType = text.plist.xml; path = "GoogleService-Info.plist"; sourceTree = "<group>"; };
		1DC29EC92C763A110038B544 /* LoginView.swift */ = {isa = PBXFileReference; lastKnownFileType = sourcecode.swift; path = LoginView.swift; sourceTree = "<group>"; };
		1DC29ECC2C763B200038B544 /* FirebaseManager.swift */ = {isa = PBXFileReference; lastKnownFileType = sourcecode.swift; path = FirebaseManager.swift; sourceTree = "<group>"; };
		1DC29ECE2C764C9A0038B544 /* SettingsView.swift */ = {isa = PBXFileReference; lastKnownFileType = sourcecode.swift; path = SettingsView.swift; sourceTree = "<group>"; };
		1DC29ED02C764EDC0038B544 /* UserManager.swift */ = {isa = PBXFileReference; lastKnownFileType = sourcecode.swift; path = UserManager.swift; sourceTree = "<group>"; };
		1DC29ED32C7654150038B544 /* Board.swift */ = {isa = PBXFileReference; lastKnownFileType = sourcecode.swift; path = Board.swift; sourceTree = "<group>"; };
		1DC29ED52C7655A30038B544 /* BoardsView.swift */ = {isa = PBXFileReference; lastKnownFileType = sourcecode.swift; path = BoardsView.swift; sourceTree = "<group>"; };
		1DC29ED72C766A5A0038B544 /* IT-Service-Management-Info.plist */ = {isa = PBXFileReference; lastKnownFileType = text.plist; path = "IT-Service-Management-Info.plist"; sourceTree = SOURCE_ROOT; };
		1DC29ED82C766B780038B544 /* BoardManager.swift */ = {isa = PBXFileReference; lastKnownFileType = sourcecode.swift; path = BoardManager.swift; sourceTree = "<group>"; };
		1DC29EDA2C7670F10038B544 /* Department.swift */ = {isa = PBXFileReference; lastKnownFileType = sourcecode.swift; path = Department.swift; sourceTree = "<group>"; };
		1DC29EDC2C7671230038B544 /* Location.swift */ = {isa = PBXFileReference; lastKnownFileType = sourcecode.swift; path = Location.swift; sourceTree = "<group>"; };
		1DC29EDE2C7673250038B544 /* Ticket.swift */ = {isa = PBXFileReference; lastKnownFileType = sourcecode.swift; path = Ticket.swift; sourceTree = "<group>"; };
		1DC29EE02C7673D20038B544 /* TicketListView.swift */ = {isa = PBXFileReference; lastKnownFileType = sourcecode.swift; path = TicketListView.swift; sourceTree = "<group>"; };
		1DC29EE22C76740B0038B544 /* TicketManager.swift */ = {isa = PBXFileReference; lastKnownFileType = sourcecode.swift; path = TicketManager.swift; sourceTree = "<group>"; };
		1DC527F32C79214C00C68225 /* AuditTrailEntry.swift */ = {isa = PBXFileReference; lastKnownFileType = sourcecode.swift; path = AuditTrailEntry.swift; sourceTree = "<group>"; };
		1DC527F62C79284400C68225 /* Listenable.swift */ = {isa = PBXFileReference; lastKnownFileType = sourcecode.swift; path = Listenable.swift; sourceTree = "<group>"; };
		1DC527F82C79285D00C68225 /* Gettable.swift */ = {isa = PBXFileReference; lastKnownFileType = sourcecode.swift; path = Gettable.swift; sourceTree = "<group>"; };
		1DC527FA2C792F9D00C68225 /* Contact.swift */ = {isa = PBXFileReference; lastKnownFileType = sourcecode.swift; path = Contact.swift; sourceTree = "<group>"; };
		1DC527FC2C79316D00C68225 /* Company.swift */ = {isa = PBXFileReference; lastKnownFileType = sourcecode.swift; path = Company.swift; sourceTree = "<group>"; };
		1DC527FE2C7931C400C68225 /* Configuration.swift */ = {isa = PBXFileReference; lastKnownFileType = sourcecode.swift; path = Configuration.swift; sourceTree = "<group>"; };
		1DC528002C79320C00C68225 /* Organization.swift */ = {isa = PBXFileReference; lastKnownFileType = sourcecode.swift; path = Organization.swift; sourceTree = "<group>"; };
		1DC528052C793FCB00C68225 /* MultiSelector.swift */ = {isa = PBXFileReference; lastKnownFileType = sourcecode.swift; path = MultiSelector.swift; sourceTree = "<group>"; };
/* End PBXFileReference section */

/* Begin PBXFrameworksBuildPhase section */
		1DC29EA82C76364F0038B544 /* Frameworks */ = {
			isa = PBXFrameworksBuildPhase;
			buildActionMask = 2147483647;
			files = (
				1DC29EC52C76372F0038B544 /* FirebaseDatabase in Frameworks */,
				1DC29EC72C76372F0038B544 /* FirebaseFirestore in Frameworks */,
				1DC29EC12C76372F0038B544 /* FirebaseAnalytics in Frameworks */,
				1DC29EC32C76372F0038B544 /* FirebaseAuth in Frameworks */,
			);
			runOnlyForDeploymentPostprocessing = 0;
		};
/* End PBXFrameworksBuildPhase section */

/* Begin PBXGroup section */
		1DC29EA22C76364F0038B544 = {
			isa = PBXGroup;
			children = (
				1DC29EAD2C76364F0038B544 /* IT Service Management */,
				1DC29EAC2C76364F0038B544 /* Products */,
			);
			sourceTree = "<group>";
		};
		1DC29EAC2C76364F0038B544 /* Products */ = {
			isa = PBXGroup;
			children = (
				1DC29EAB2C76364F0038B544 /* IT Service Management.app */,
			);
			name = Products;
			sourceTree = "<group>";
		};
		1DC29EAD2C76364F0038B544 /* IT Service Management */ = {
			isa = PBXGroup;
			children = (
				1DC528022C793BD700C68225 /* Styles */,
				1DC29EB22C7636500038B544 /* Assets.xcassets */,
				1DC29EBD2C7636920038B544 /* GoogleService-Info.plist */,
				1DC29EB42C7636500038B544 /* IT_Service_Management.entitlements */,
				1DC29EAE2C76364F0038B544 /* IT_Service_ManagementApp.swift */,
				1DC29ED72C766A5A0038B544 /* IT-Service-Management-Info.plist */,
				1DC29ECB2C763B0D0038B544 /* Managers */,
				1DC29ED22C76540D0038B544 /* Models */,
				1DC29EB52C7636500038B544 /* Preview Content */,
				1DC527F52C79283A00C68225 /* Protocols */,
				1DC29EB02C76364F0038B544 /* RootView.swift */,
				1DC29EC82C763A030038B544 /* Views */,
			);
			path = "IT Service Management";
			sourceTree = "<group>";
		};
		1DC29EB52C7636500038B544 /* Preview Content */ = {
			isa = PBXGroup;
			children = (
				1DC29EB62C7636500038B544 /* Preview Assets.xcassets */,
			);
			path = "Preview Content";
			sourceTree = "<group>";
		};
		1DC29EC82C763A030038B544 /* Views */ = {
			isa = PBXGroup;
			children = (
				1DC29ED52C7655A30038B544 /* BoardsView.swift */,
				1DC29EC92C763A110038B544 /* LoginView.swift */,
				1DC29ECE2C764C9A0038B544 /* SettingsView.swift */,
				1DC29EE02C7673D20038B544 /* TicketListView.swift */,
				1DC528052C793FCB00C68225 /* MultiSelector.swift */,
			);
			path = Views;
			sourceTree = "<group>";
		};
		1DC29ECB2C763B0D0038B544 /* Managers */ = {
			isa = PBXGroup;
			children = (
				1DC29ED82C766B780038B544 /* BoardManager.swift */,
				1DC29ECC2C763B200038B544 /* FirebaseManager.swift */,
				1DC29EE22C76740B0038B544 /* TicketManager.swift */,
				1DC29ED02C764EDC0038B544 /* UserManager.swift */,
			);
			path = Managers;
			sourceTree = "<group>";
		};
		1DC29ED22C76540D0038B544 /* Models */ = {
			isa = PBXGroup;
			children = (
				1DC527F32C79214C00C68225 /* AuditTrailEntry.swift */,
				1DC29ED32C7654150038B544 /* Board.swift */,
				1DC527FC2C79316D00C68225 /* Company.swift */,
				1DC527FE2C7931C400C68225 /* Configuration.swift */,
				1DC527FA2C792F9D00C68225 /* Contact.swift */,
				1DC29EDA2C7670F10038B544 /* Department.swift */,
				1DC29EDC2C7671230038B544 /* Location.swift */,
				1DC528002C79320C00C68225 /* Organization.swift */,
				1DC29EDE2C7673250038B544 /* Ticket.swift */,
			);
			path = Models;
			sourceTree = "<group>";
		};
		1DC527F52C79283A00C68225 /* Protocols */ = {
			isa = PBXGroup;
			children = (
				1DC527F62C79284400C68225 /* Listenable.swift */,
				1DC527F82C79285D00C68225 /* Gettable.swift */,
			);
			path = Protocols;
			sourceTree = "<group>";
		};
		1DC528022C793BD700C68225 /* Styles */ = {
			isa = PBXGroup;
			children = (
			);
			path = Styles;
			sourceTree = "<group>";
		};
/* End PBXGroup section */

/* Begin PBXNativeTarget section */
		1DC29EAA2C76364F0038B544 /* IT Service Management */ = {
			isa = PBXNativeTarget;
			buildConfigurationList = 1DC29EBA2C7636500038B544 /* Build configuration list for PBXNativeTarget "IT Service Management" */;
			buildPhases = (
				1DC29EA72C76364F0038B544 /* Sources */,
				1DC29EA82C76364F0038B544 /* Frameworks */,
				1DC29EA92C76364F0038B544 /* Resources */,
			);
			buildRules = (
			);
			dependencies = (
			);
			name = "IT Service Management";
			packageProductDependencies = (
				1DC29EC02C76372F0038B544 /* FirebaseAnalytics */,
				1DC29EC22C76372F0038B544 /* FirebaseAuth */,
				1DC29EC42C76372F0038B544 /* FirebaseDatabase */,
				1DC29EC62C76372F0038B544 /* FirebaseFirestore */,
			);
			productName = "IT Service Management";
			productReference = 1DC29EAB2C76364F0038B544 /* IT Service Management.app */;
			productType = "com.apple.product-type.application";
		};
/* End PBXNativeTarget section */

/* Begin PBXProject section */
		1DC29EA32C76364F0038B544 /* Project object */ = {
			isa = PBXProject;
			attributes = {
				BuildIndependentTargetsInParallel = 1;
				LastSwiftUpdateCheck = 1540;
				LastUpgradeCheck = 1540;
				TargetAttributes = {
					1DC29EAA2C76364F0038B544 = {
						CreatedOnToolsVersion = 15.4;
					};
				};
			};
			buildConfigurationList = 1DC29EA62C76364F0038B544 /* Build configuration list for PBXProject "IT Service Management" */;
			compatibilityVersion = "Xcode 14.0";
			developmentRegion = en;
			hasScannedForEncodings = 0;
			knownRegions = (
				en,
				Base,
			);
			mainGroup = 1DC29EA22C76364F0038B544;
			packageReferences = (
				1DC29EBF2C76372F0038B544 /* XCRemoteSwiftPackageReference "firebase-ios-sdk" */,
			);
			productRefGroup = 1DC29EAC2C76364F0038B544 /* Products */;
			projectDirPath = "";
			projectRoot = "";
			targets = (
				1DC29EAA2C76364F0038B544 /* IT Service Management */,
			);
		};
/* End PBXProject section */

/* Begin PBXResourcesBuildPhase section */
		1DC29EA92C76364F0038B544 /* Resources */ = {
			isa = PBXResourcesBuildPhase;
			buildActionMask = 2147483647;
			files = (
				1DC29EB72C7636500038B544 /* Preview Assets.xcassets in Resources */,
				1DC29EB32C7636500038B544 /* Assets.xcassets in Resources */,
				1DC29EBE2C7636920038B544 /* GoogleService-Info.plist in Resources */,
			);
			runOnlyForDeploymentPostprocessing = 0;
		};
/* End PBXResourcesBuildPhase section */

/* Begin PBXSourcesBuildPhase section */
		1DC29EA72C76364F0038B544 /* Sources */ = {
			isa = PBXSourcesBuildPhase;
			buildActionMask = 2147483647;
			files = (
				1DC527FD2C79316D00C68225 /* Company.swift in Sources */,
				1DC527FB2C792F9D00C68225 /* Contact.swift in Sources */,
				1DC528062C793FCB00C68225 /* MultiSelector.swift in Sources */,
				1DC29ED92C766B780038B544 /* BoardManager.swift in Sources */,
				1DC29ED12C764EDC0038B544 /* UserManager.swift in Sources */,
				1DC528012C79320C00C68225 /* Organization.swift in Sources */,
				1DC29ED62C7655A30038B544 /* BoardsView.swift in Sources */,
				1DC29ED42C7654150038B544 /* Board.swift in Sources */,
				1DC527FF2C7931C400C68225 /* Configuration.swift in Sources */,
				1DC29ECF2C764C9A0038B544 /* SettingsView.swift in Sources */,
				1DC527F42C79214C00C68225 /* AuditTrailEntry.swift in Sources */,
				1DC29EE12C7673D20038B544 /* TicketListView.swift in Sources */,
				1DC29EDD2C7671230038B544 /* Location.swift in Sources */,
				1DC29ECA2C763A110038B544 /* LoginView.swift in Sources */,
				1DC29EDF2C7673250038B544 /* Ticket.swift in Sources */,
				1DC527F92C79285D00C68225 /* Gettable.swift in Sources */,
				1DC29ECD2C763B200038B544 /* FirebaseManager.swift in Sources */,
				1DC29EB12C76364F0038B544 /* RootView.swift in Sources */,
				1DC29EAF2C76364F0038B544 /* IT_Service_ManagementApp.swift in Sources */,
				1DC29EDB2C7670F10038B544 /* Department.swift in Sources */,
				1DC527F72C79284400C68225 /* Listenable.swift in Sources */,
				1DC29EE32C76740B0038B544 /* TicketManager.swift in Sources */,
			);
			runOnlyForDeploymentPostprocessing = 0;
		};
/* End PBXSourcesBuildPhase section */

/* Begin XCBuildConfiguration section */
		1DC29EB82C7636500038B544 /* Debug */ = {
			isa = XCBuildConfiguration;
			buildSettings = {
				ALWAYS_SEARCH_USER_PATHS = NO;
				ASSETCATALOG_COMPILER_GENERATE_SWIFT_ASSET_SYMBOL_EXTENSIONS = YES;
				CLANG_ANALYZER_NONNULL = YES;
				CLANG_ANALYZER_NUMBER_OBJECT_CONVERSION = YES_AGGRESSIVE;
				CLANG_CXX_LANGUAGE_STANDARD = "gnu++20";
				CLANG_ENABLE_MODULES = YES;
				CLANG_ENABLE_OBJC_ARC = YES;
				CLANG_ENABLE_OBJC_WEAK = YES;
				CLANG_WARN_BLOCK_CAPTURE_AUTORELEASING = YES;
				CLANG_WARN_BOOL_CONVERSION = YES;
				CLANG_WARN_COMMA = YES;
				CLANG_WARN_CONSTANT_CONVERSION = YES;
				CLANG_WARN_DEPRECATED_OBJC_IMPLEMENTATIONS = YES;
				CLANG_WARN_DIRECT_OBJC_ISA_USAGE = YES_ERROR;
				CLANG_WARN_DOCUMENTATION_COMMENTS = YES;
				CLANG_WARN_EMPTY_BODY = YES;
				CLANG_WARN_ENUM_CONVERSION = YES;
				CLANG_WARN_INFINITE_RECURSION = YES;
				CLANG_WARN_INT_CONVERSION = YES;
				CLANG_WARN_NON_LITERAL_NULL_CONVERSION = YES;
				CLANG_WARN_OBJC_IMPLICIT_RETAIN_SELF = YES;
				CLANG_WARN_OBJC_LITERAL_CONVERSION = YES;
				CLANG_WARN_OBJC_ROOT_CLASS = YES_ERROR;
				CLANG_WARN_QUOTED_INCLUDE_IN_FRAMEWORK_HEADER = YES;
				CLANG_WARN_RANGE_LOOP_ANALYSIS = YES;
				CLANG_WARN_STRICT_PROTOTYPES = YES;
				CLANG_WARN_SUSPICIOUS_MOVE = YES;
				CLANG_WARN_UNGUARDED_AVAILABILITY = YES_AGGRESSIVE;
				CLANG_WARN_UNREACHABLE_CODE = YES;
				CLANG_WARN__DUPLICATE_METHOD_MATCH = YES;
				COPY_PHASE_STRIP = NO;
				DEBUG_INFORMATION_FORMAT = dwarf;
				ENABLE_STRICT_OBJC_MSGSEND = YES;
				ENABLE_TESTABILITY = YES;
				ENABLE_USER_SCRIPT_SANDBOXING = YES;
				GCC_C_LANGUAGE_STANDARD = gnu17;
				GCC_DYNAMIC_NO_PIC = NO;
				GCC_NO_COMMON_BLOCKS = YES;
				GCC_OPTIMIZATION_LEVEL = 0;
				GCC_PREPROCESSOR_DEFINITIONS = (
					"DEBUG=1",
					"$(inherited)",
				);
				GCC_WARN_64_TO_32_BIT_CONVERSION = YES;
				GCC_WARN_ABOUT_RETURN_TYPE = YES_ERROR;
				GCC_WARN_UNDECLARED_SELECTOR = YES;
				GCC_WARN_UNINITIALIZED_AUTOS = YES_AGGRESSIVE;
				GCC_WARN_UNUSED_FUNCTION = YES;
				GCC_WARN_UNUSED_VARIABLE = YES;
				LOCALIZATION_PREFERS_STRING_CATALOGS = YES;
				MTL_ENABLE_DEBUG_INFO = INCLUDE_SOURCE;
				MTL_FAST_MATH = YES;
				ONLY_ACTIVE_ARCH = YES;
				SWIFT_ACTIVE_COMPILATION_CONDITIONS = "DEBUG $(inherited)";
				SWIFT_OPTIMIZATION_LEVEL = "-Onone";
			};
			name = Debug;
		};
		1DC29EB92C7636500038B544 /* Release */ = {
			isa = XCBuildConfiguration;
			buildSettings = {
				ALWAYS_SEARCH_USER_PATHS = NO;
				ASSETCATALOG_COMPILER_GENERATE_SWIFT_ASSET_SYMBOL_EXTENSIONS = YES;
				CLANG_ANALYZER_NONNULL = YES;
				CLANG_ANALYZER_NUMBER_OBJECT_CONVERSION = YES_AGGRESSIVE;
				CLANG_CXX_LANGUAGE_STANDARD = "gnu++20";
				CLANG_ENABLE_MODULES = YES;
				CLANG_ENABLE_OBJC_ARC = YES;
				CLANG_ENABLE_OBJC_WEAK = YES;
				CLANG_WARN_BLOCK_CAPTURE_AUTORELEASING = YES;
				CLANG_WARN_BOOL_CONVERSION = YES;
				CLANG_WARN_COMMA = YES;
				CLANG_WARN_CONSTANT_CONVERSION = YES;
				CLANG_WARN_DEPRECATED_OBJC_IMPLEMENTATIONS = YES;
				CLANG_WARN_DIRECT_OBJC_ISA_USAGE = YES_ERROR;
				CLANG_WARN_DOCUMENTATION_COMMENTS = YES;
				CLANG_WARN_EMPTY_BODY = YES;
				CLANG_WARN_ENUM_CONVERSION = YES;
				CLANG_WARN_INFINITE_RECURSION = YES;
				CLANG_WARN_INT_CONVERSION = YES;
				CLANG_WARN_NON_LITERAL_NULL_CONVERSION = YES;
				CLANG_WARN_OBJC_IMPLICIT_RETAIN_SELF = YES;
				CLANG_WARN_OBJC_LITERAL_CONVERSION = YES;
				CLANG_WARN_OBJC_ROOT_CLASS = YES_ERROR;
				CLANG_WARN_QUOTED_INCLUDE_IN_FRAMEWORK_HEADER = YES;
				CLANG_WARN_RANGE_LOOP_ANALYSIS = YES;
				CLANG_WARN_STRICT_PROTOTYPES = YES;
				CLANG_WARN_SUSPICIOUS_MOVE = YES;
				CLANG_WARN_UNGUARDED_AVAILABILITY = YES_AGGRESSIVE;
				CLANG_WARN_UNREACHABLE_CODE = YES;
				CLANG_WARN__DUPLICATE_METHOD_MATCH = YES;
				COPY_PHASE_STRIP = NO;
				DEBUG_INFORMATION_FORMAT = "dwarf-with-dsym";
				ENABLE_NS_ASSERTIONS = NO;
				ENABLE_STRICT_OBJC_MSGSEND = YES;
				ENABLE_USER_SCRIPT_SANDBOXING = YES;
				GCC_C_LANGUAGE_STANDARD = gnu17;
				GCC_NO_COMMON_BLOCKS = YES;
				GCC_WARN_64_TO_32_BIT_CONVERSION = YES;
				GCC_WARN_ABOUT_RETURN_TYPE = YES_ERROR;
				GCC_WARN_UNDECLARED_SELECTOR = YES;
				GCC_WARN_UNINITIALIZED_AUTOS = YES_AGGRESSIVE;
				GCC_WARN_UNUSED_FUNCTION = YES;
				GCC_WARN_UNUSED_VARIABLE = YES;
				LOCALIZATION_PREFERS_STRING_CATALOGS = YES;
				MTL_ENABLE_DEBUG_INFO = NO;
				MTL_FAST_MATH = YES;
				SWIFT_COMPILATION_MODE = wholemodule;
			};
			name = Release;
		};
		1DC29EBB2C7636500038B544 /* Debug */ = {
			isa = XCBuildConfiguration;
			buildSettings = {
				ASSETCATALOG_COMPILER_APPICON_NAME = AppIcon;
				ASSETCATALOG_COMPILER_GLOBAL_ACCENT_COLOR_NAME = AccentColor;
				CODE_SIGN_ENTITLEMENTS = "IT Service Management/IT_Service_Management.entitlements";
				CODE_SIGN_STYLE = Automatic;
				CURRENT_PROJECT_VERSION = 1;
				DEVELOPMENT_ASSET_PATHS = "\"IT Service Management/Preview Content\"";
				DEVELOPMENT_TEAM = PK8WVYF36Y;
				ENABLE_HARDENED_RUNTIME = YES;
				ENABLE_PREVIEWS = YES;
				GENERATE_INFOPLIST_FILE = YES;
				INFOPLIST_FILE = "IT-Service-Management-Info.plist";
				"INFOPLIST_KEY_UIApplicationSceneManifest_Generation[sdk=iphoneos*]" = YES;
				"INFOPLIST_KEY_UIApplicationSceneManifest_Generation[sdk=iphonesimulator*]" = YES;
				"INFOPLIST_KEY_UIApplicationSupportsIndirectInputEvents[sdk=iphoneos*]" = YES;
				"INFOPLIST_KEY_UIApplicationSupportsIndirectInputEvents[sdk=iphonesimulator*]" = YES;
				"INFOPLIST_KEY_UILaunchScreen_Generation[sdk=iphoneos*]" = YES;
				"INFOPLIST_KEY_UILaunchScreen_Generation[sdk=iphonesimulator*]" = YES;
				"INFOPLIST_KEY_UIStatusBarStyle[sdk=iphoneos*]" = UIStatusBarStyleDefault;
				"INFOPLIST_KEY_UIStatusBarStyle[sdk=iphonesimulator*]" = UIStatusBarStyleDefault;
				INFOPLIST_KEY_UISupportedInterfaceOrientations_iPad = "UIInterfaceOrientationPortrait UIInterfaceOrientationPortraitUpsideDown UIInterfaceOrientationLandscapeLeft UIInterfaceOrientationLandscapeRight";
				INFOPLIST_KEY_UISupportedInterfaceOrientations_iPhone = "UIInterfaceOrientationPortrait UIInterfaceOrientationLandscapeLeft UIInterfaceOrientationLandscapeRight";
				IPHONEOS_DEPLOYMENT_TARGET = 17.5;
				LD_RUNPATH_SEARCH_PATHS = "@executable_path/Frameworks";
				"LD_RUNPATH_SEARCH_PATHS[sdk=macosx*]" = "@executable_path/../Frameworks";
				MACOSX_DEPLOYMENT_TARGET = 14.5;
				MARKETING_VERSION = 1.0;
				PRODUCT_BUNDLE_IDENTIFIER = "com.hourglass.IT-Service-Management";
				PRODUCT_NAME = "$(TARGET_NAME)";
				SDKROOT = auto;
				SUPPORTED_PLATFORMS = "iphoneos iphonesimulator macosx";
				SWIFT_EMIT_LOC_STRINGS = YES;
				SWIFT_VERSION = 5.0;
				TARGETED_DEVICE_FAMILY = "1,2";
			};
			name = Debug;
		};
		1DC29EBC2C7636500038B544 /* Release */ = {
			isa = XCBuildConfiguration;
			buildSettings = {
				ASSETCATALOG_COMPILER_APPICON_NAME = AppIcon;
				ASSETCATALOG_COMPILER_GLOBAL_ACCENT_COLOR_NAME = AccentColor;
				CODE_SIGN_ENTITLEMENTS = "IT Service Management/IT_Service_Management.entitlements";
				CODE_SIGN_STYLE = Automatic;
				CURRENT_PROJECT_VERSION = 1;
				DEVELOPMENT_ASSET_PATHS = "\"IT Service Management/Preview Content\"";
				DEVELOPMENT_TEAM = PK8WVYF36Y;
				ENABLE_HARDENED_RUNTIME = YES;
				ENABLE_PREVIEWS = YES;
				GENERATE_INFOPLIST_FILE = YES;
				INFOPLIST_FILE = "IT-Service-Management-Info.plist";
				"INFOPLIST_KEY_UIApplicationSceneManifest_Generation[sdk=iphoneos*]" = YES;
				"INFOPLIST_KEY_UIApplicationSceneManifest_Generation[sdk=iphonesimulator*]" = YES;
				"INFOPLIST_KEY_UIApplicationSupportsIndirectInputEvents[sdk=iphoneos*]" = YES;
				"INFOPLIST_KEY_UIApplicationSupportsIndirectInputEvents[sdk=iphonesimulator*]" = YES;
				"INFOPLIST_KEY_UILaunchScreen_Generation[sdk=iphoneos*]" = YES;
				"INFOPLIST_KEY_UILaunchScreen_Generation[sdk=iphonesimulator*]" = YES;
				"INFOPLIST_KEY_UIStatusBarStyle[sdk=iphoneos*]" = UIStatusBarStyleDefault;
				"INFOPLIST_KEY_UIStatusBarStyle[sdk=iphonesimulator*]" = UIStatusBarStyleDefault;
				INFOPLIST_KEY_UISupportedInterfaceOrientations_iPad = "UIInterfaceOrientationPortrait UIInterfaceOrientationPortraitUpsideDown UIInterfaceOrientationLandscapeLeft UIInterfaceOrientationLandscapeRight";
				INFOPLIST_KEY_UISupportedInterfaceOrientations_iPhone = "UIInterfaceOrientationPortrait UIInterfaceOrientationLandscapeLeft UIInterfaceOrientationLandscapeRight";
				IPHONEOS_DEPLOYMENT_TARGET = 17.5;
				LD_RUNPATH_SEARCH_PATHS = "@executable_path/Frameworks";
				"LD_RUNPATH_SEARCH_PATHS[sdk=macosx*]" = "@executable_path/../Frameworks";
				MACOSX_DEPLOYMENT_TARGET = 14.5;
				MARKETING_VERSION = 1.0;
				PRODUCT_BUNDLE_IDENTIFIER = "com.hourglass.IT-Service-Management";
				PRODUCT_NAME = "$(TARGET_NAME)";
				SDKROOT = auto;
				SUPPORTED_PLATFORMS = "iphoneos iphonesimulator macosx";
				SWIFT_EMIT_LOC_STRINGS = YES;
				SWIFT_VERSION = 5.0;
				TARGETED_DEVICE_FAMILY = "1,2";
			};
			name = Release;
		};
/* End XCBuildConfiguration section */

/* Begin XCConfigurationList section */
		1DC29EA62C76364F0038B544 /* Build configuration list for PBXProject "IT Service Management" */ = {
			isa = XCConfigurationList;
			buildConfigurations = (
				1DC29EB82C7636500038B544 /* Debug */,
				1DC29EB92C7636500038B544 /* Release */,
			);
			defaultConfigurationIsVisible = 0;
			defaultConfigurationName = Release;
		};
		1DC29EBA2C7636500038B544 /* Build configuration list for PBXNativeTarget "IT Service Management" */ = {
			isa = XCConfigurationList;
			buildConfigurations = (
				1DC29EBB2C7636500038B544 /* Debug */,
				1DC29EBC2C7636500038B544 /* Release */,
			);
			defaultConfigurationIsVisible = 0;
			defaultConfigurationName = Release;
		};
/* End XCConfigurationList section */

/* Begin XCRemoteSwiftPackageReference section */
		1DC29EBF2C76372F0038B544 /* XCRemoteSwiftPackageReference "firebase-ios-sdk" */ = {
			isa = XCRemoteSwiftPackageReference;
			repositoryURL = "https://github.com/firebase/firebase-ios-sdk";
			requirement = {
				kind = upToNextMajorVersion;
				minimumVersion = 11.1.0;
			};
		};
/* End XCRemoteSwiftPackageReference section */

/* Begin XCSwiftPackageProductDependency section */
		1DC29EC02C76372F0038B544 /* FirebaseAnalytics */ = {
			isa = XCSwiftPackageProductDependency;
			package = 1DC29EBF2C76372F0038B544 /* XCRemoteSwiftPackageReference "firebase-ios-sdk" */;
			productName = FirebaseAnalytics;
		};
		1DC29EC22C76372F0038B544 /* FirebaseAuth */ = {
			isa = XCSwiftPackageProductDependency;
			package = 1DC29EBF2C76372F0038B544 /* XCRemoteSwiftPackageReference "firebase-ios-sdk" */;
			productName = FirebaseAuth;
		};
		1DC29EC42C76372F0038B544 /* FirebaseDatabase */ = {
			isa = XCSwiftPackageProductDependency;
			package = 1DC29EBF2C76372F0038B544 /* XCRemoteSwiftPackageReference "firebase-ios-sdk" */;
			productName = FirebaseDatabase;
		};
		1DC29EC62C76372F0038B544 /* FirebaseFirestore */ = {
			isa = XCSwiftPackageProductDependency;
			package = 1DC29EBF2C76372F0038B544 /* XCRemoteSwiftPackageReference "firebase-ios-sdk" */;
			productName = FirebaseFirestore;
		};
/* End XCSwiftPackageProductDependency section */
	};
	rootObject = 1DC29EA32C76364F0038B544 /* Project object */;
}
